
Microsoft Visual Studio Solution File, Format Version 12.00
# Visual Studio Version 17
VisualStudioVersion = 17.13.36105.23 d17.13
MinimumVisualStudioVersion = 10.0.40219.1
Project("{FAE04EC0-301F-11D3-BF4B-00C04F79EFBC}") = "SEP", "SEP.csproj", "{A73E5445-1DDF-4331-A92E-3F3528377461}"
EndProject
Global
	GlobalSection(SolutionConfigurationPlatforms) = preSolution
		Debug|Any CPU = Debug|Any CPU
		Release|Any CPU = Release|Any CPU
	EndGlobalSection
	GlobalSection(ProjectConfigurationPlatforms) = postSolution
		{A73E5445-1DDF-4331-A92E-3F3528377461}.Debug|Any CPU.ActiveCfg = Debug|Any CPU
		{A73E5445-1DDF-4331-A92E-3F3528377461}.Debug|Any CPU.Build.0 = Debug|Any CPU
		{A73E5445-1DDF-4331-A92E-3F3528377461}.Release|Any CPU.ActiveCfg = Release|Any CPU
		{A73E5445-1DDF-4331-A92E-3F3528377461}.Release|Any CPU.Build.0 = Release|Any CPU
	EndGlobalSection
	GlobalSection(SolutionProperties) = preSolution
		HideSolutionNode = FALSE
	EndGlobalSection
	GlobalSection(ExtensibilityGlobals) = postSolution
		SolutionGuid = {1E42D465-1170-4A0C-A8A1-0B088DBB015A}
	EndGlobalSection
EndGlobal
